
Microsoft Visual Studio Solution File, Format Version 12.00
# Visual Studio Version 17
VisualStudioVersion = 17.8.34330.188
MinimumVisualStudioVersion = 10.0.40219.1
Project("{9A19103F-16F7-4668-BE54-9A1E7A4F7556}") = "ComicLibrary", "ComicLibrary\ComicLibrary.csproj", "{586429FC-7C4D-4606-9814-F3F58400A67B}"
EndProject
Project("{2150E333-8FDC-42A3-9474-1A3956D46DE8}") = "Solution Items", "Solution Items", "{A8596F3D-B687-4556-851D-1CE5CB3B1D22}"
	ProjectSection(SolutionItems) = preProject
		.editorconfig = .editorconfig
		CHANGELOG.md = CHANGELOG.md
		postbuild.bat = postbuild.bat
		README.md = README.md
	EndProjectSection
EndProject
Global
	GlobalSection(SolutionConfigurationPlatforms) = preSolution
		Debug|Any CPU = Debug|Any CPU
		Release|Any CPU = Release|Any CPU
	EndGlobalSection
	GlobalSection(ProjectConfigurationPlatforms) = postSolution
		{586429FC-7C4D-4606-9814-F3F58400A67B}.Debug|Any CPU.ActiveCfg = Debug|Any CPU
		{586429FC-7C4D-4606-9814-F3F58400A67B}.Debug|Any CPU.Build.0 = Debug|Any CPU
		{586429FC-7C4D-4606-9814-F3F58400A67B}.Release|Any CPU.ActiveCfg = Release|Any CPU
		{586429FC-7C4D-4606-9814-F3F58400A67B}.Release|Any CPU.Build.0 = Release|Any CPU
	EndGlobalSection
	GlobalSection(SolutionProperties) = preSolution
		HideSolutionNode = FALSE
	EndGlobalSection
	GlobalSection(ExtensibilityGlobals) = postSolution
		SolutionGuid = {50AA08DA-11F3-4B6D-837F-B7EFA7EDD859}
		RESX_SortFileContentOnSave = True
	EndGlobalSection
EndGlobal
